
Microsoft Visual Studio Solution File, Format Version 12.00
Project("{2150E333-8FDC-42A3-9474-1A3956D46DE8}") = "Solution Items", "Solution Items", "{197AC97F-893D-40D8-ABEE-5C722375AFB7}"
	ProjectSection(SolutionItems) = preProject
		Directory.Build.props = Directory.Build.props
		stryker-config.json = stryker-config.json
		global.json = global.json
		CLAUDE.md = CLAUDE.md
	EndProjectSection
EndProject
Project("{FAE04EC0-301F-11D3-BF4B-00C04F79EFBC}") = "Conductor.Engine.Api", "src\Conductor.Engine.Api\Conductor.Engine.Api.csproj", "{9FFFB719-DA35-4120-9BEB-6DA78CF28F59}"
EndProject
Project("{FAE04EC0-301F-11D3-BF4B-00C04F79EFBC}") = "Conductor.Engine.Playground", "src\Conductor.Engine.Playground\Conductor.Engine.Playground.csproj", "{0E8A91D2-E999-4D7C-9984-2B04118A9604}"
EndProject
Project("{FAE04EC0-301F-11D3-BF4B-00C04F79EFBC}") = "Conductor.Engine.Domain", "src\Conductor.Engine.Domain\Conductor.Engine.Domain.csproj", "{231859A8-49BF-42C2-BFBC-E8E980506FF8}"
EndProject
Project("{FAE04EC0-301F-11D3-BF4B-00C04F79EFBC}") = "Conductor.Engine.Infrastructure", "src\Conductor.Engine.Infrastructure\Conductor.Engine.Infrastructure.csproj", "{0284C6DC-C050-4EE2-996E-504E47E2F0DA}"
EndProject
Project("{FAE04EC0-301F-11D3-BF4B-00C04F79EFBC}") = "Conductor.Engine.Persistence", "src\Conductor.Engine.Persistence\Conductor.Engine.Persistence.csproj", "{594E491C-478B-4B07-B330-72FACC0C3C52}"
EndProject
Project("{2150E333-8FDC-42A3-9474-1A3956D46DE8}") = "Scripts", "Scripts", "{F08AFB2A-5E8E-4C91-9674-480DF987A640}"
	ProjectSection(SolutionItems) = preProject
		scripts\efm.sh = scripts\efm.sh
		scripts\setup.sh = scripts\setup.sh
	EndProjectSection
EndProject
Project("{FAE04EC0-301F-11D3-BF4B-00C04F79EFBC}") = "Conductor.Inventory.Domain", "src\Conductor.Inventory.Domain\Conductor.Inventory.Domain.csproj", "{D1A2EB43-D11C-4E36-BA3E-AD3BB6F38CB3}"
EndProject
Project("{FAE04EC0-301F-11D3-BF4B-00C04F79EFBC}") = "Conductor.Inventory.Infrastructure", "src\Conductor.Inventory.Infrastructure\Conductor.Inventory.Infrastructure.csproj", "{9857B1FE-EB96-4E84-8A06-1E00E2DA6484}"
EndProject
Project("{FAE04EC0-301F-11D3-BF4B-00C04F79EFBC}") = "Conductor.AppHost", "Conductor.AppHost\Conductor.AppHost.csproj", "{0C62EDB5-9A60-4BF4-B867-24428BF6B9E6}"
EndProject
Project("{FAE04EC0-301F-11D3-BF4B-00C04F79EFBC}") = "Conductor.ServiceDefaults", "Conductor.ServiceDefaults\Conductor.ServiceDefaults.csproj", "{4D2DF8DF-ECCE-4DE6-983B-11DB9F7295D8}"
EndProject
Global
	GlobalSection(SolutionConfigurationPlatforms) = preSolution
		Debug|Any CPU = Debug|Any CPU
		Release|Any CPU = Release|Any CPU
	EndGlobalSection
	GlobalSection(ProjectConfigurationPlatforms) = postSolution
		{9FFFB719-DA35-4120-9BEB-6DA78CF28F59}.Debug|Any CPU.ActiveCfg = Debug|Any CPU
		{9FFFB719-DA35-4120-9BEB-6DA78CF28F59}.Debug|Any CPU.Build.0 = Debug|Any CPU
		{9FFFB719-DA35-4120-9BEB-6DA78CF28F59}.Release|Any CPU.ActiveCfg = Release|Any CPU
		{9FFFB719-DA35-4120-9BEB-6DA78CF28F59}.Release|Any CPU.Build.0 = Release|Any CPU
		{0E8A91D2-E999-4D7C-9984-2B04118A9604}.Debug|Any CPU.ActiveCfg = Debug|Any CPU
		{0E8A91D2-E999-4D7C-9984-2B04118A9604}.Debug|Any CPU.Build.0 = Debug|Any CPU
		{0E8A91D2-E999-4D7C-9984-2B04118A9604}.Release|Any CPU.ActiveCfg = Release|Any CPU
		{0E8A91D2-E999-4D7C-9984-2B04118A9604}.Release|Any CPU.Build.0 = Release|Any CPU
		{231859A8-49BF-42C2-BFBC-E8E980506FF8}.Debug|Any CPU.ActiveCfg = Debug|Any CPU
		{231859A8-49BF-42C2-BFBC-E8E980506FF8}.Debug|Any CPU.Build.0 = Debug|Any CPU
		{231859A8-49BF-42C2-BFBC-E8E980506FF8}.Release|Any CPU.ActiveCfg = Release|Any CPU
		{231859A8-49BF-42C2-BFBC-E8E980506FF8}.Release|Any CPU.Build.0 = Release|Any CPU
		{0284C6DC-C050-4EE2-996E-504E47E2F0DA}.Debug|Any CPU.ActiveCfg = Debug|Any CPU
		{0284C6DC-C050-4EE2-996E-504E47E2F0DA}.Debug|Any CPU.Build.0 = Debug|Any CPU
		{0284C6DC-C050-4EE2-996E-504E47E2F0DA}.Release|Any CPU.ActiveCfg = Release|Any CPU
		{0284C6DC-C050-4EE2-996E-504E47E2F0DA}.Release|Any CPU.Build.0 = Release|Any CPU
		{594E491C-478B-4B07-B330-72FACC0C3C52}.Debug|Any CPU.ActiveCfg = Debug|Any CPU
		{594E491C-478B-4B07-B330-72FACC0C3C52}.Debug|Any CPU.Build.0 = Debug|Any CPU
		{594E491C-478B-4B07-B330-72FACC0C3C52}.Release|Any CPU.ActiveCfg = Release|Any CPU
		{594E491C-478B-4B07-B330-72FACC0C3C52}.Release|Any CPU.Build.0 = Release|Any CPU
		{D1A2EB43-D11C-4E36-BA3E-AD3BB6F38CB3}.Debug|Any CPU.ActiveCfg = Debug|Any CPU
		{D1A2EB43-D11C-4E36-BA3E-AD3BB6F38CB3}.Debug|Any CPU.Build.0 = Debug|Any CPU
		{D1A2EB43-D11C-4E36-BA3E-AD3BB6F38CB3}.Release|Any CPU.ActiveCfg = Release|Any CPU
		{D1A2EB43-D11C-4E36-BA3E-AD3BB6F38CB3}.Release|Any CPU.Build.0 = Release|Any CPU
		{9857B1FE-EB96-4E84-8A06-1E00E2DA6484}.Debug|Any CPU.ActiveCfg = Debug|Any CPU
		{9857B1FE-EB96-4E84-8A06-1E00E2DA6484}.Debug|Any CPU.Build.0 = Debug|Any CPU
		{9857B1FE-EB96-4E84-8A06-1E00E2DA6484}.Release|Any CPU.ActiveCfg = Release|Any CPU
		{9857B1FE-EB96-4E84-8A06-1E00E2DA6484}.Release|Any CPU.Build.0 = Release|Any CPU
		{0C62EDB5-9A60-4BF4-B867-24428BF6B9E6}.Debug|Any CPU.ActiveCfg = Debug|Any CPU
		{0C62EDB5-9A60-4BF4-B867-24428BF6B9E6}.Debug|Any CPU.Build.0 = Debug|Any CPU
		{0C62EDB5-9A60-4BF4-B867-24428BF6B9E6}.Release|Any CPU.ActiveCfg = Release|Any CPU
		{0C62EDB5-9A60-4BF4-B867-24428BF6B9E6}.Release|Any CPU.Build.0 = Release|Any CPU
		{4D2DF8DF-ECCE-4DE6-983B-11DB9F7295D8}.Debug|Any CPU.ActiveCfg = Debug|Any CPU
		{4D2DF8DF-ECCE-4DE6-983B-11DB9F7295D8}.Debug|Any CPU.Build.0 = Debug|Any CPU
		{4D2DF8DF-ECCE-4DE6-983B-11DB9F7295D8}.Release|Any CPU.ActiveCfg = Release|Any CPU
		{4D2DF8DF-ECCE-4DE6-983B-11DB9F7295D8}.Release|Any CPU.Build.0 = Release|Any CPU
	EndGlobalSection
	GlobalSection(NestedProjects) = preSolution
	EndGlobalSection
EndGlobal
