
Microsoft Visual Studio Solution File, Format Version 12.00
Project("{FAE04EC0-301F-11D3-BF4B-00C04F79EFBC}") = "Orchitect.Playground", "src\Orchitect.Playground\Orchitect.Playground.csproj", "{0E8A91D2-E999-4D7C-9984-2B04118A9604}"
EndProject
Project("{FAE04EC0-301F-11D3-BF4B-00C04F79EFBC}") = "Orchitect.AppHost", "src\Orchitect.AppHost\Orchitect.AppHost.csproj", "{5AA7C306-0E96-4A54-A8DD-1A2F4CA2C0DC}"
EndProject
Project("{FAE04EC0-301F-11D3-BF4B-00C04F79EFBC}") = "Orchitect.ServiceDefaults", "src\Orchitect.ServiceDefaults\Orchitect.ServiceDefaults.csproj", "{DB8FEF55-ABEC-4C10-89D0-90AC4F13C721}"
EndProject
Project("{FAE04EC0-301F-11D3-BF4B-00C04F79EFBC}") = "Orchitect.Domain", "src\Orchitect.Domain\Orchitect.Domain.csproj", "{9DF8193C-F97C-4A72-83E1-23580A56708D}"
EndProject
Project("{FAE04EC0-301F-11D3-BF4B-00C04F79EFBC}") = "Orchitect.Persistence", "src\Orchitect.Persistence\Orchitect.Persistence.csproj", "{EA6C62AD-5B4C-4FA9-8DD7-D64CD76F937B}"
EndProject
Project("{FAE04EC0-301F-11D3-BF4B-00C04F79EFBC}") = "Orchitect.Api", "src\Orchitect.Api\Orchitect.Api.csproj", "{0AC3CE1A-1787-40A1-822B-9EA6C0323D78}"
EndProject
Project("{FAE04EC0-301F-11D3-BF4B-00C04F79EFBC}") = "Orchitect.Infrastructure", "src\Orchitect.Infrastructure\Orchitect.Infrastructure.csproj", "{5A3652DB-54C8-4290-84D2-8062C245D0BA}"
EndProject
Project("{FAE04EC0-301F-11D3-BF4B-00C04F79EFBC}") = "Orchitect.Infrastructure.Tests", "src\Orchitect.Infrastructure.Tests\Orchitect.Infrastructure.Tests.csproj", "{08425FD5-B210-4332-9E50-A6E52E92E37A}"
EndProject
Project("{2150E333-8FDC-42A3-9474-1A3956D46DE8}") = "Aspire", "Aspire", "{39DC69B3-EE8D-4C43-B6FA-B69DEF7B77F2}"
EndProject
Project("{FAE04EC0-301F-11D3-BF4B-00C04F79EFBC}") = "Orchitect.Api.Integration.Tests", "src\Orchitect.Api.Integration.Tests\Orchitect.Api.Integration.Tests.csproj", "{67F547C0-B70F-437B-98BA-2A51C39D6642}"
EndProject
Global
	GlobalSection(SolutionConfigurationPlatforms) = preSolution
		Debug|Any CPU = Debug|Any CPU
		Release|Any CPU = Release|Any CPU
	EndGlobalSection
	GlobalSection(ProjectConfigurationPlatforms) = postSolution
		{0E8A91D2-E999-4D7C-9984-2B04118A9604}.Debug|Any CPU.ActiveCfg = Debug|Any CPU
		{0E8A91D2-E999-4D7C-9984-2B04118A9604}.Debug|Any CPU.Build.0 = Debug|Any CPU
		{0E8A91D2-E999-4D7C-9984-2B04118A9604}.Release|Any CPU.ActiveCfg = Release|Any CPU
		{0E8A91D2-E999-4D7C-9984-2B04118A9604}.Release|Any CPU.Build.0 = Release|Any CPU
		{5AA7C306-0E96-4A54-A8DD-1A2F4CA2C0DC}.Debug|Any CPU.ActiveCfg = Debug|Any CPU
		{5AA7C306-0E96-4A54-A8DD-1A2F4CA2C0DC}.Debug|Any CPU.Build.0 = Debug|Any CPU
		{5AA7C306-0E96-4A54-A8DD-1A2F4CA2C0DC}.Release|Any CPU.ActiveCfg = Release|Any CPU
		{5AA7C306-0E96-4A54-A8DD-1A2F4CA2C0DC}.Release|Any CPU.Build.0 = Release|Any CPU
		{DB8FEF55-ABEC-4C10-89D0-90AC4F13C721}.Debug|Any CPU.ActiveCfg = Debug|Any CPU
		{DB8FEF55-ABEC-4C10-89D0-90AC4F13C721}.Debug|Any CPU.Build.0 = Debug|Any CPU
		{DB8FEF55-ABEC-4C10-89D0-90AC4F13C721}.Release|Any CPU.ActiveCfg = Release|Any CPU
		{DB8FEF55-ABEC-4C10-89D0-90AC4F13C721}.Release|Any CPU.Build.0 = Release|Any CPU
		{9DF8193C-F97C-4A72-83E1-23580A56708D}.Debug|Any CPU.ActiveCfg = Debug|Any CPU
		{9DF8193C-F97C-4A72-83E1-23580A56708D}.Debug|Any CPU.Build.0 = Debug|Any CPU
		{9DF8193C-F97C-4A72-83E1-23580A56708D}.Release|Any CPU.ActiveCfg = Release|Any CPU
		{9DF8193C-F97C-4A72-83E1-23580A56708D}.Release|Any CPU.Build.0 = Release|Any CPU
		{EA6C62AD-5B4C-4FA9-8DD7-D64CD76F937B}.Debug|Any CPU.ActiveCfg = Debug|Any CPU
		{EA6C62AD-5B4C-4FA9-8DD7-D64CD76F937B}.Debug|Any CPU.Build.0 = Debug|Any CPU
		{EA6C62AD-5B4C-4FA9-8DD7-D64CD76F937B}.Release|Any CPU.ActiveCfg = Release|Any CPU
		{EA6C62AD-5B4C-4FA9-8DD7-D64CD76F937B}.Release|Any CPU.Build.0 = Release|Any CPU
		{0AC3CE1A-1787-40A1-822B-9EA6C0323D78}.Debug|Any CPU.ActiveCfg = Debug|Any CPU
		{0AC3CE1A-1787-40A1-822B-9EA6C0323D78}.Debug|Any CPU.Build.0 = Debug|Any CPU
		{0AC3CE1A-1787-40A1-822B-9EA6C0323D78}.Release|Any CPU.ActiveCfg = Release|Any CPU
		{0AC3CE1A-1787-40A1-822B-9EA6C0323D78}.Release|Any CPU.Build.0 = Release|Any CPU
		{5A3652DB-54C8-4290-84D2-8062C245D0BA}.Debug|Any CPU.ActiveCfg = Debug|Any CPU
		{5A3652DB-54C8-4290-84D2-8062C245D0BA}.Debug|Any CPU.Build.0 = Debug|Any CPU
		{5A3652DB-54C8-4290-84D2-8062C245D0BA}.Release|Any CPU.ActiveCfg = Release|Any CPU
		{5A3652DB-54C8-4290-84D2-8062C245D0BA}.Release|Any CPU.Build.0 = Release|Any CPU
		{08425FD5-B210-4332-9E50-A6E52E92E37A}.Debug|Any CPU.ActiveCfg = Debug|Any CPU
		{08425FD5-B210-4332-9E50-A6E52E92E37A}.Debug|Any CPU.Build.0 = Debug|Any CPU
		{08425FD5-B210-4332-9E50-A6E52E92E37A}.Release|Any CPU.ActiveCfg = Release|Any CPU
		{08425FD5-B210-4332-9E50-A6E52E92E37A}.Release|Any CPU.Build.0 = Release|Any CPU
		{67F547C0-B70F-437B-98BA-2A51C39D6642}.Debug|Any CPU.ActiveCfg = Debug|Any CPU
		{67F547C0-B70F-437B-98BA-2A51C39D6642}.Debug|Any CPU.Build.0 = Debug|Any CPU
		{67F547C0-B70F-437B-98BA-2A51C39D6642}.Release|Any CPU.ActiveCfg = Release|Any CPU
		{67F547C0-B70F-437B-98BA-2A51C39D6642}.Release|Any CPU.Build.0 = Release|Any CPU
	EndGlobalSection
	GlobalSection(NestedProjects) = preSolution
		{5AA7C306-0E96-4A54-A8DD-1A2F4CA2C0DC} = {39DC69B3-EE8D-4C43-B6FA-B69DEF7B77F2}
	EndGlobalSection
EndGlobal
